PODS:
  - apn_fb_login (0.0.1):
    - FBSDKCoreKit
    - FBSDKLoginKit
    - Flutter
  - FBSDKCoreKit (5.8.0):
    - FBSDKCoreKit/Basics (= 5.8.0)
    - FBSDKCoreKit/Core (= 5.8.0)
  - FBSDKCoreKit/Basics (5.8.0)
  - FBSDKCoreKit/Core (5.8.0):
    - FBSDKCoreKit/Basics
  - FBSDKLoginKit (5.8.0):
    - FBSDKLoginKit/Login (= 5.8.0)
  - FBSDKLoginKit/Login (5.8.0):
    - FBSDKCoreKit (~> 5.0)
  - Flutter (1.0.0)

DEPENDENCIES:
  - apn_fb_login (from `/Users/nicepants/Projects/flutter/plugins/apn_fb_login/ios`)
  - Flutter (from `/Users/nicepants/sdk/flutter/bin/cache/artifacts/engine/ios`)

SPEC REPOS:
  trunk:
    - FBSDKCoreKit
    - FBSDKLoginKit

EXTERNAL SOURCES:
  apn_fb_login:
    :path: "/Users/nicepants/Projects/flutter/plugins/apn_fb_login/ios"
  Flutter:
    :path: "/Users/nicepants/sdk/flutter/bin/cache/artifacts/engine/ios"

SPEC CHECKSUMS:
  apn_fb_login: b9e90a2494e2b0f77ff9ff7f826c21488c2b908c
  FBSDKCoreKit: e7dcac0aabcfb09d0166998edd95fe3b05a0ce5d
  FBSDKLoginKit: 1b0cf04df0370b37404213157b060d6666ede814
  Flutter: 0e3d915762c693b495b44d77113d4970485de6ec

PODFILE CHECKSUM: 8a09e47d5bb615f5087cbb7209b8fc75f44a64aa

COCOAPODS: 1.8.4
